<?xml version="1.0" encoding="utf-8"?>
<Project ToolsVersion="4.0" xmlns="http://schemas.microsoft.com/developer/msbuild/2003">
  <ItemGroup>
    <Filter Include="header">
      <UniqueIdentifier>{21ad171c-bd35-46d0-a0d4-733ca7472e38}</UniqueIdentifier>
    </Filter>
    <Filter Include="source">
      <UniqueIdentifier>{5020b1a8-77e8-49dc-b10c-0d7919d02df3}</UniqueIdentifier>
    </Filter>
    <Filter Include="images">
      <UniqueIdentifier>{6d5a1226-dfa9-4b60-af3b-d91c37df1636}</UniqueIdentifier>
    </Filter>
  </ItemGroup>
  <ItemGroup>
    <ClInclude Include="source\stb_image.h">
      <Filter>header</Filter>
    </ClInclude>
    <ClInclude Include="source\stb_image_write.h">
      <Filter>header</Filter>
    </ClInclude>
    <ClInclude Include="source\ToneMapper.h">
      <Filter>header</Filter>
    </ClInclude>
  </ItemGroup>
  <ItemGroup>
    <CudaCompile Include="source\kernel.cu">
      <Filter>source</Filter>
    </CudaCompile>
  </ItemGroup>
  <ItemGroup>
    <ClCompile Include="source\ToneMapper.cpp">
      <Filter>source</Filter>
    </ClCompile>
  </ItemGroup>
  <ItemGroup>
    <Image Include="images\roses.jpg">
      <Filter>images</Filter>
    </Image>
  </ItemGroup>
</Project>